
Microsoft Visual Studio Solution File, Format Version 12.00
# Visual Studio 14
VisualStudioVersion = 14.0.24720.0
MinimumVisualStudioVersion = 10.0.40219.1
Project("{FAE04EC0-301F-11D3-BF4B-00C04F79EFBC}") = "Spot.Ebnf", "Spot.Ebnf\Spot.Ebnf.csproj", "{0D475C39-BA44-4587-8E44-B675A957D0D3}"
EndProject
Project("{FAE04EC0-301F-11D3-BF4B-00C04F79EFBC}") = "Spot.Ebnf.Tests", "Spot.Ebnf.Tests\Spot.Ebnf.Tests.csproj", "{A74B090B-A4F4-44BD-A859-1C47731C38D7}"
EndProject
Project("{FAE04EC0-301F-11D3-BF4B-00C04F79EFBC}") = "Spot.Srtl", "Spot.Srtl\Spot.Srtl.csproj", "{9B208CFD-52CE-4436-AC52-3CE12694A375}"
EndProject
Project("{FAE04EC0-301F-11D3-BF4B-00C04F79EFBC}") = "Spot.SrtL.Tests", "Spot.SrtL.Tests\Spot.SrtL.Tests.csproj", "{775DF460-AA49-47B0-B0F0-D1B8E7835933}"
EndProject
Global
	GlobalSection(SolutionConfigurationPlatforms) = preSolution
		Debug|Any CPU = Debug|Any CPU
		Release|Any CPU = Release|Any CPU
	EndGlobalSection
	GlobalSection(ProjectConfigurationPlatforms) = postSolution
		{0D475C39-BA44-4587-8E44-B675A957D0D3}.Debug|Any CPU.ActiveCfg = Debug|Any CPU
		{0D475C39-BA44-4587-8E44-B675A957D0D3}.Debug|Any CPU.Build.0 = Debug|Any CPU
		{0D475C39-BA44-4587-8E44-B675A957D0D3}.Release|Any CPU.ActiveCfg = Release|Any CPU
		{0D475C39-BA44-4587-8E44-B675A957D0D3}.Release|Any CPU.Build.0 = Release|Any CPU
		{A74B090B-A4F4-44BD-A859-1C47731C38D7}.Debug|Any CPU.ActiveCfg = Debug|Any CPU
		{A74B090B-A4F4-44BD-A859-1C47731C38D7}.Debug|Any CPU.Build.0 = Debug|Any CPU
		{A74B090B-A4F4-44BD-A859-1C47731C38D7}.Release|Any CPU.ActiveCfg = Release|Any CPU
		{A74B090B-A4F4-44BD-A859-1C47731C38D7}.Release|Any CPU.Build.0 = Release|Any CPU
		{9B208CFD-52CE-4436-AC52-3CE12694A375}.Debug|Any CPU.ActiveCfg = Debug|Any CPU
		{9B208CFD-52CE-4436-AC52-3CE12694A375}.Debug|Any CPU.Build.0 = Debug|Any CPU
		{9B208CFD-52CE-4436-AC52-3CE12694A375}.Release|Any CPU.ActiveCfg = Release|Any CPU
		{9B208CFD-52CE-4436-AC52-3CE12694A375}.Release|Any CPU.Build.0 = Release|Any CPU
		{775DF460-AA49-47B0-B0F0-D1B8E7835933}.Debug|Any CPU.ActiveCfg = Debug|Any CPU
		{775DF460-AA49-47B0-B0F0-D1B8E7835933}.Debug|Any CPU.Build.0 = Debug|Any CPU
		{775DF460-AA49-47B0-B0F0-D1B8E7835933}.Release|Any CPU.ActiveCfg = Release|Any CPU
		{775DF460-AA49-47B0-B0F0-D1B8E7835933}.Release|Any CPU.Build.0 = Release|Any CPU
	EndGlobalSection
	GlobalSection(SolutionProperties) = preSolution
		HideSolutionNode = FALSE
	EndGlobalSection
EndGlobal
